// !$*UTF8*$!
{
	archiveVersion = 1;
	classes = {
	};
	objectVersion = 50;
	objects = {

/* Begin PBXBuildFile section */
		C6492D36264BB2B8001DE211 /* BGM.mp3 in Resources */ = {isa = PBXBuildFile; fileRef = C6492D35264BB2B8001DE211 /* BGM.mp3 */; };
		C674684E2641333400287F10 /* AppDelegate.swift in Sources */ = {isa = PBXBuildFile; fileRef = C674684D2641333400287F10 /* AppDelegate.swift */; };
		C67468502641333400287F10 /* SceneDelegate.swift in Sources */ = {isa = PBXBuildFile; fileRef = C674684F2641333400287F10 /* SceneDelegate.swift */; };
		C67468522641333400287F10 /* ViewController.swift in Sources */ = {isa = PBXBuildFile; fileRef = C67468512641333400287F10 /* ViewController.swift */; };
		C67468552641333400287F10 /* Main.storyboard in Resources */ = {isa = PBXBuildFile; fileRef = C67468532641333400287F10 /* Main.storyboard */; };
		C67468572641333700287F10 /* Assets.xcassets in Resources */ = {isa = PBXBuildFile; fileRef = C67468562641333700287F10 /* Assets.xcassets */; };
		C674685A2641333700287F10 /* LaunchScreen.storyboard in Resources */ = {isa = PBXBuildFile; fileRef = C67468582641333700287F10 /* LaunchScreen.storyboard */; };
		C6746865264176F400287F10 /* GameScene.swift in Sources */ = {isa = PBXBuildFile; fileRef = C6746864264176F400287F10 /* GameScene.swift */; };
		C6BD62D5264B8551002A79E2 /* Computer Data 03.mp3 in Resources */ = {isa = PBXBuildFile; fileRef = C6BD62D4264B8551002A79E2 /* Computer Data 03.mp3 */; };
		C6BD62D9264BA865002A79E2 /* Golf Hit.mp3 in Resources */ = {isa = PBXBuildFile; fileRef = C6BD62D7264BA864002A79E2 /* Golf Hit.mp3 */; };
		C6BD62DA264BA865002A79E2 /* Cartoon Boing.mp3 in Resources */ = {isa = PBXBuildFile; fileRef = C6BD62D8264BA865002A79E2 /* Cartoon Boing.mp3 */; };
		C6BD62DD264BAAB3002A79E2 /* Bell Transition.mp3 in Resources */ = {isa = PBXBuildFile; fileRef = C6BD62DC264BAAB3002A79E2 /* Bell Transition.mp3 */; };
/* End PBXBuildFile section */

/* Begin PBXFileReference section */
		C6492D35264BB2B8001DE211 /* BGM.mp3 */ = {isa = PBXFileReference; lastKnownFileType = audio.mp3; path = BGM.mp3; sourceTree = "<group>"; };
		C674684A2641333400287F10 /* FlappyBird.app */ = {isa = PBXFileReference; explicitFileType = wrapper.application; includeInIndex = 0; path = FlappyBird.app; sourceTree = BUILT_PRODUCTS_DIR; };
		C674684D2641333400287F10 /* AppDelegate.swift */ = {isa = PBXFileReference; lastKnownFileType = sourcecode.swift; path = AppDelegate.swift; sourceTree = "<group>"; };
		C674684F2641333400287F10 /* SceneDelegate.swift */ = {isa = PBXFileReference; lastKnownFileType = sourcecode.swift; path = SceneDelegate.swift; sourceTree = "<group>"; };
		C67468512641333400287F10 /* ViewController.swift */ = {isa = PBXFileReference; lastKnownFileType = sourcecode.swift; path = ViewController.swift; sourceTree = "<group>"; };
		C67468542641333400287F10 /* Base */ = {isa = PBXFileReference; lastKnownFileType = file.storyboard; name = Base; path = Base.lproj/Main.storyboard; sourceTree = "<group>"; };
		C67468562641333700287F10 /* Assets.xcassets */ = {isa = PBXFileReference; lastKnownFileType = folder.assetcatalog; path = Assets.xcassets; sourceTree = "<group>"; };
		C67468592641333700287F10 /* Base */ = {isa = PBXFileReference; lastKnownFileType = file.storyboard; name = Base; path = Base.lproj/LaunchScreen.storyboard; sourceTree = "<group>"; };
		C674685B2641333700287F10 /* Info.plist */ = {isa = PBXFileReference; lastKnownFileType = text.plist.xml; path = Info.plist; sourceTree = "<group>"; };
		C6746864264176F400287F10 /* GameScene.swift */ = {isa = PBXFileReference; lastKnownFileType = sourcecode.swift; path = GameScene.swift; sourceTree = "<group>"; };
		C6BD62D4264B8551002A79E2 /* Computer Data 03.mp3 */ = {isa = PBXFileReference; lastKnownFileType = audio.mp3; path = "Computer Data 03.mp3"; sourceTree = "<group>"; };
		C6BD62D7264BA864002A79E2 /* Golf Hit.mp3 */ = {isa = PBXFileReference; lastKnownFileType = audio.mp3; path = "Golf Hit.mp3"; sourceTree = "<group>"; };
		C6BD62D8264BA865002A79E2 /* Cartoon Boing.mp3 */ = {isa = PBXFileReference; lastKnownFileType = audio.mp3; path = "Cartoon Boing.mp3"; sourceTree = "<group>"; };
		C6BD62DC264BAAB3002A79E2 /* Bell Transition.mp3 */ = {isa = PBXFileReference; lastKnownFileType = audio.mp3; path = "Bell Transition.mp3"; sourceTree = "<group>"; };
/* End PBXFileReference section */

/* Begin PBXFrameworksBuildPhase section */
		C67468472641333400287F10 /* Frameworks */ = {
			isa = PBXFrameworksBuildPhase;
			buildActionMask = 2147483647;
			files = (
			);
			runOnlyForDeploymentPostprocessing = 0;
		};
/* End PBXFrameworksBuildPhase section */

/* Begin PBXGroup section */
		C67468412641333400287F10 = {
			isa = PBXGroup;
			children = (
				C674684C2641333400287F10 /* FlappyBird */,
				C674684B2641333400287F10 /* Products */,
			);
			sourceTree = "<group>";
		};
		C674684B2641333400287F10 /* Products */ = {
			isa = PBXGroup;
			children = (
				C674684A2641333400287F10 /* FlappyBird.app */,
			);
			name = Products;
			sourceTree = "<group>";
		};
		C674684C2641333400287F10 /* FlappyBird */ = {
			isa = PBXGroup;
			children = (
				C6BD62D8264BA865002A79E2 /* Cartoon Boing.mp3 */,
				C6BD62D7264BA864002A79E2 /* Golf Hit.mp3 */,
				C6BD62D4264B8551002A79E2 /* Computer Data 03.mp3 */,
				C674684D2641333400287F10 /* AppDelegate.swift */,
				C674684F2641333400287F10 /* SceneDelegate.swift */,
				C6492D35264BB2B8001DE211 /* BGM.mp3 */,
				C6BD62DC264BAAB3002A79E2 /* Bell Transition.mp3 */,
				C67468512641333400287F10 /* ViewController.swift */,
				C6746864264176F400287F10 /* GameScene.swift */,
				C67468532641333400287F10 /* Main.storyboard */,
				C67468562641333700287F10 /* Assets.xcassets */,
				C67468582641333700287F10 /* LaunchScreen.storyboard */,
				C674685B2641333700287F10 /* Info.plist */,
			);
			path = FlappyBird;
			sourceTree = "<group>";
		};
/* End PBXGroup section */

/* Begin PBXNativeTarget section */
		C67468492641333400287F10 /* FlappyBird */ = {
			isa = PBXNativeTarget;
			buildConfigurationList = C674685E2641333700287F10 /* Build configuration list for PBXNativeTarget "FlappyBird" */;
			buildPhases = (
				C67468462641333400287F10 /* Sources */,
				C67468472641333400287F10 /* Frameworks */,
				C67468482641333400287F10 /* Resources */,
			);
			buildRules = (
			);
			dependencies = (
			);
			name = FlappyBird;
			productName = FlappyBird;
			productReference = C674684A2641333400287F10 /* FlappyBird.app */;
			productType = "com.apple.product-type.application";
		};
/* End PBXNativeTarget section */

/* Begin PBXProject section */
		C67468422641333400287F10 /* Project object */ = {
			isa = PBXProject;
			attributes = {
				LastSwiftUpdateCheck = 1220;
				LastUpgradeCheck = 1220;
				TargetAttributes = {
					C67468492641333400287F10 = {
						CreatedOnToolsVersion = 12.2;
					};
				};
			};
			buildConfigurationList = C67468452641333400287F10 /* Build configuration list for PBXProject "FlappyBird" */;
			compatibilityVersion = "Xcode 9.3";
			developmentRegion = en;
			hasScannedForEncodings = 0;
			knownRegions = (
				en,
				Base,
			);
			mainGroup = C67468412641333400287F10;
			productRefGroup = C674684B2641333400287F10 /* Products */;
			projectDirPath = "";
			projectRoot = "";
			targets = (
				C67468492641333400287F10 /* FlappyBird */,
			);
		};
/* End PBXProject section */

/* Begin PBXResourcesBuildPhase section */
		C67468482641333400287F10 /* Resources */ = {
			isa = PBXResourcesBuildPhase;
			buildActionMask = 2147483647;
			files = (
				C674685A2641333700287F10 /* LaunchScreen.storyboard in Resources */,
				C67468572641333700287F10 /* Assets.xcassets in Resources */,
				C6BD62DA264BA865002A79E2 /* Cartoon Boing.mp3 in Resources */,
				C6492D36264BB2B8001DE211 /* BGM.mp3 in Resources */,
				C6BD62D5264B8551002A79E2 /* Computer Data 03.mp3 in Resources */,
				C67468552641333400287F10 /* Main.storyboard in Resources */,
				C6BD62DD264BAAB3002A79E2 /* Bell Transition.mp3 in Resources */,
				C6BD62D9264BA865002A79E2 /* Golf Hit.mp3 in Resources */,
			);
			runOnlyForDeploymentPostprocessing = 0;
		};
/* End PBXResourcesBuildPhase section */

/* Begin PBXSourcesBuildPhase section */
		C67468462641333400287F10 /* Sources */ = {
			isa = PBXSourcesBuildPhase;
			buildActionMask = 2147483647;
			files = (
				C67468522641333400287F10 /* ViewController.swift in Sources */,
				C674684E2641333400287F10 /* AppDelegate.swift in Sources */,
				C6746865264176F400287F10 /* GameScene.swift in Sources */,
				C67468502641333400287F10 /* SceneDelegate.swift in Sources */,
			);
			runOnlyForDeploymentPostprocessing = 0;
		};
/* End PBXSourcesBuildPhase section */

/* Begin PBXVariantGroup section */
		C67468532641333400287F10 /* Main.storyboard */ = {
			isa = PBXVariantGroup;
			children = (
				C67468542641333400287F10 /* Base */,
			);
			name = Main.storyboard;
			sourceTree = "<group>";
		};
		C67468582641333700287F10 /* LaunchScreen.storyboard */ = {
			isa = PBXVariantGroup;
			children = (
				C67468592641333700287F10 /* Base */,
			);
			name = LaunchScreen.storyboard;
			sourceTree = "<group>";
		};
/* End PBXVariantGroup section */

/* Begin XCBuildConfiguration section */
		C674685C2641333700287F10 /* Debug */ = {
			isa = XCBuildConfiguration;
			buildSettings = {
				ALWAYS_SEARCH_USER_PATHS = NO;
				CLANG_ANALYZER_NONNULL = YES;
				CLANG_ANALYZER_NUMBER_OBJECT_CONVERSION = YES_AGGRESSIVE;
				CLANG_CXX_LANGUAGE_STANDARD = "gnu++14";
				CLANG_CXX_LIBRARY = "libc++";
				CLANG_ENABLE_MODULES = YES;
				CLANG_ENABLE_OBJC_ARC = YES;
				CLANG_ENABLE_OBJC_WEAK = YES;
				CLANG_WARN_BLOCK_CAPTURE_AUTORELEASING = YES;
				CLANG_WARN_BOOL_CONVERSION = YES;
				CLANG_WARN_COMMA = YES;
				CLANG_WARN_CONSTANT_CONVERSION = YES;
				CLANG_WARN_DEPRECATED_OBJC_IMPLEMENTATIONS = YES;
				CLANG_WARN_DIRECT_OBJC_ISA_USAGE = YES_ERROR;
				CLANG_WARN_DOCUMENTATION_COMMENTS = YES;
				CLANG_WARN_EMPTY_BODY = YES;
				CLANG_WARN_ENUM_CONVERSION = YES;
				CLANG_WARN_INFINITE_RECURSION = YES;
				CLANG_WARN_INT_CONVERSION = YES;
				CLANG_WARN_NON_LITERAL_NULL_CONVERSION = YES;
				CLANG_WARN_OBJC_IMPLICIT_RETAIN_SELF = YES;
				CLANG_WARN_OBJC_LITERAL_CONVERSION = YES;
				CLANG_WARN_OBJC_ROOT_CLASS = YES_ERROR;
				CLANG_WARN_QUOTED_INCLUDE_IN_FRAMEWORK_HEADER = YES;
				CLANG_WARN_RANGE_LOOP_ANALYSIS = YES;
				CLANG_WARN_STRICT_PROTOTYPES = YES;
				CLANG_WARN_SUSPICIOUS_MOVE = YES;
				CLANG_WARN_UNGUARDED_AVAILABILITY = YES_AGGRESSIVE;
				CLANG_WARN_UNREACHABLE_CODE = YES;
				CLANG_WARN__DUPLICATE_METHOD_MATCH = YES;
				COPY_PHASE_STRIP = NO;
				DEBUG_INFORMATION_FORMAT = dwarf;
				ENABLE_STRICT_OBJC_MSGSEND = YES;
				ENABLE_TESTABILITY = YES;
				GCC_C_LANGUAGE_STANDARD = gnu11;
				GCC_DYNAMIC_NO_PIC = NO;
				GCC_NO_COMMON_BLOCKS = YES;
				GCC_OPTIMIZATION_LEVEL = 0;
				GCC_PREPROCESSOR_DEFINITIONS = (
					"DEBUG=1",
					"$(inherited)",
				);
				GCC_WARN_64_TO_32_BIT_CONVERSION = YES;
				GCC_WARN_ABOUT_RETURN_TYPE = YES_ERROR;
				GCC_WARN_UNDECLARED_SELECTOR = YES;
				GCC_WARN_UNINITIALIZED_AUTOS = YES_AGGRESSIVE;
				GCC_WARN_UNUSED_FUNCTION = YES;
				GCC_WARN_UNUSED_VARIABLE = YES;
				IPHONEOS_DEPLOYMENT_TARGET = 14.2;
				MTL_ENABLE_DEBUG_INFO = INCLUDE_SOURCE;
				MTL_FAST_MATH = YES;
				ONLY_ACTIVE_ARCH = YES;
				SDKROOT = iphoneos;
				SWIFT_ACTIVE_COMPILATION_CONDITIONS = DEBUG;
				SWIFT_OPTIMIZATION_LEVEL = "-Onone";
			};
			name = Debug;
		};
		C674685D2641333700287F10 /* Release */ = {
			isa = XCBuildConfiguration;
			buildSettings = {
				ALWAYS_SEARCH_USER_PATHS = NO;
				CLANG_ANALYZER_NONNULL = YES;
				CLANG_ANALYZER_NUMBER_OBJECT_CONVERSION = YES_AGGRESSIVE;
				CLANG_CXX_LANGUAGE_STANDARD = "gnu++14";
				CLANG_CXX_LIBRARY = "libc++";
				CLANG_ENABLE_MODULES = YES;
				CLANG_ENABLE_OBJC_ARC = YES;
				CLANG_ENABLE_OBJC_WEAK = YES;
				CLANG_WARN_BLOCK_CAPTURE_AUTORELEASING = YES;
				CLANG_WARN_BOOL_CONVERSION = YES;
				CLANG_WARN_COMMA = YES;
				CLANG_WARN_CONSTANT_CONVERSION = YES;
				CLANG_WARN_DEPRECATED_OBJC_IMPLEMENTATIONS = YES;
				CLANG_WARN_DIRECT_OBJC_ISA_USAGE = YES_ERROR;
				CLANG_WARN_DOCUMENTATION_COMMENTS = YES;
				CLANG_WARN_EMPTY_BODY = YES;
				CLANG_WARN_ENUM_CONVERSION = YES;
				CLANG_WARN_INFINITE_RECURSION = YES;
				CLANG_WARN_INT_CONVERSION = YES;
				CLANG_WARN_NON_LITERAL_NULL_CONVERSION = YES;
				CLANG_WARN_OBJC_IMPLICIT_RETAIN_SELF = YES;
				CLANG_WARN_OBJC_LITERAL_CONVERSION = YES;
				CLANG_WARN_OBJC_ROOT_CLASS = YES_ERROR;
				CLANG_WARN_QUOTED_INCLUDE_IN_FRAMEWORK_HEADER = YES;
				CLANG_WARN_RANGE_LOOP_ANALYSIS = YES;
				CLANG_WARN_STRICT_PROTOTYPES = YES;
				CLANG_WARN_SUSPICIOUS_MOVE = YES;
				CLANG_WARN_UNGUARDED_AVAILABILITY = YES_AGGRESSIVE;
				CLANG_WARN_UNREACHABLE_CODE = YES;
				CLANG_WARN__DUPLICATE_METHOD_MATCH = YES;
				COPY_PHASE_STRIP = NO;
				DEBUG_INFORMATION_FORMAT = "dwarf-with-dsym";
				ENABLE_NS_ASSERTIONS = NO;
				ENABLE_STRICT_OBJC_MSGSEND = YES;
				GCC_C_LANGUAGE_STANDARD = gnu11;
				GCC_NO_COMMON_BLOCKS = YES;
				GCC_WARN_64_TO_32_BIT_CONVERSION = YES;
				GCC_WARN_ABOUT_RETURN_TYPE = YES_ERROR;
				GCC_WARN_UNDECLARED_SELECTOR = YES;
				GCC_WARN_UNINITIALIZED_AUTOS = YES_AGGRESSIVE;
				GCC_WARN_UNUSED_FUNCTION = YES;
				GCC_WARN_UNUSED_VARIABLE = YES;
				IPHONEOS_DEPLOYMENT_TARGET = 14.2;
				MTL_ENABLE_DEBUG_INFO = NO;
				MTL_FAST_MATH = YES;
				SDKROOT = iphoneos;
				SWIFT_COMPILATION_MODE = wholemodule;
				SWIFT_OPTIMIZATION_LEVEL = "-O";
				VALIDATE_PRODUCT = YES;
			};
			name = Release;
		};
		C674685F2641333700287F10 /* Debug */ = {
			isa = XCBuildConfiguration;
			buildSettings = {
				ASSETCATALOG_COMPILER_APPICON_NAME = AppIcon;
				ASSETCATALOG_COMPILER_GLOBAL_ACCENT_COLOR_NAME = AccentColor;
				CODE_SIGN_STYLE = Automatic;
				DEVELOPMENT_TEAM = 4R8Q2FT93Z;
				INFOPLIST_FILE = FlappyBird/Info.plist;
				LD_RUNPATH_SEARCH_PATHS = (
					"$(inherited)",
					"@executable_path/Frameworks",
				);
				PRODUCT_BUNDLE_IDENTIFIER = jp.techacademy.tetsuya.karatsu.FlappyBird;
				PRODUCT_NAME = "$(TARGET_NAME)";
				SWIFT_VERSION = 5.0;
				TARGETED_DEVICE_FAMILY = 1;
			};
			name = Debug;
		};
		C67468602641333700287F10 /* Release */ = {
			isa = XCBuildConfiguration;
			buildSettings = {
				ASSETCATALOG_COMPILER_APPICON_NAME = AppIcon;
				ASSETCATALOG_COMPILER_GLOBAL_ACCENT_COLOR_NAME = AccentColor;
				CODE_SIGN_STYLE = Automatic;
				DEVELOPMENT_TEAM = 4R8Q2FT93Z;
				INFOPLIST_FILE = FlappyBird/Info.plist;
				LD_RUNPATH_SEARCH_PATHS = (
					"$(inherited)",
					"@executable_path/Frameworks",
				);
				PRODUCT_BUNDLE_IDENTIFIER = jp.techacademy.tetsuya.karatsu.FlappyBird;
				PRODUCT_NAME = "$(TARGET_NAME)";
				SWIFT_VERSION = 5.0;
				TARGETED_DEVICE_FAMILY = 1;
			};
			name = Release;
		};
/* End XCBuildConfiguration section */

/* Begin XCConfigurationList section */
		C67468452641333400287F10 /* Build configuration list for PBXProject "FlappyBird" */ = {
			isa = XCConfigurationList;
			buildConfigurations = (
				C674685C2641333700287F10 /* Debug */,
				C674685D2641333700287F10 /* Release */,
			);
			defaultConfigurationIsVisible = 0;
			defaultConfigurationName = Release;
		};
		C674685E2641333700287F10 /* Build configuration list for PBXNativeTarget "FlappyBird" */ = {
			isa = XCConfigurationList;
			buildConfigurations = (
				C674685F2641333700287F10 /* Debug */,
				C67468602641333700287F10 /* Release */,
			);
			defaultConfigurationIsVisible = 0;
			defaultConfigurationName = Release;
		};
/* End XCConfigurationList section */
	};
	rootObject = C67468422641333400287F10 /* Project object */;
}
